// !$*UTF8*$!
{
	archiveVersion = 1;
	classes = {
	};
	objectVersion = 46;
	objects = {

/* Begin PBXBuildFile section */
		503270691E594D1D0036AD1B /* AppDelegate.swift in Sources */ = {isa = PBXBuildFile; fileRef = 503270681E594D1D0036AD1B /* AppDelegate.swift */; };
		5032706B1E594D1D0036AD1B /* ViewController.swift in Sources */ = {isa = PBXBuildFile; fileRef = 5032706A1E594D1D0036AD1B /* ViewController.swift */; };
		5032706E1E594D1D0036AD1B /* Main.storyboard in Resources */ = {isa = PBXBuildFile; fileRef = 5032706C1E594D1D0036AD1B /* Main.storyboard */; };
		503270701E594D1D0036AD1B /* Assets.xcassets in Resources */ = {isa = PBXBuildFile; fileRef = 5032706F1E594D1D0036AD1B /* Assets.xcassets */; };
		503270731E594D1D0036AD1B /* LaunchScreen.storyboard in Resources */ = {isa = PBXBuildFile; fileRef = 503270711E594D1D0036AD1B /* LaunchScreen.storyboard */; };
/* End PBXBuildFile section */

/* Begin PBXFileReference section */
		503270651E594D1D0036AD1B /* BluetoothCenter.app */ = {isa = PBXFileReference; explicitFileType = wrapper.application; includeInIndex = 0; path = BluetoothCenter.app; sourceTree = BUILT_PRODUCTS_DIR; };
		503270681E594D1D0036AD1B /* AppDelegate.swift */ = {isa = PBXFileReference; lastKnownFileType = sourcecode.swift; path = AppDelegate.swift; sourceTree = "<group>"; };
		5032706A1E594D1D0036AD1B /* ViewController.swift */ = {isa = PBXFileReference; lastKnownFileType = sourcecode.swift; path = ViewController.swift; sourceTree = "<group>"; };
		5032706D1E594D1D0036AD1B /* Base */ = {isa = PBXFileReference; lastKnownFileType = file.storyboard; name = Base; path = Base.lproj/Main.storyboard; sourceTree = "<group>"; };
		5032706F1E594D1D0036AD1B /* Assets.xcassets */ = {isa = PBXFileReference; lastKnownFileType = folder.assetcatalog; path = Assets.xcassets; sourceTree = "<group>"; };
		503270721E594D1D0036AD1B /* Base */ = {isa = PBXFileReference; lastKnownFileType = file.storyboard; name = Base; path = Base.lproj/LaunchScreen.storyboard; sourceTree = "<group>"; };
		503270741E594D1D0036AD1B /* Info.plist */ = {isa = PBXFileReference; lastKnownFileType = text.plist.xml; path = Info.plist; sourceTree = "<group>"; };
/* End PBXFileReference section */

/* Begin PBXFrameworksBuildPhase section */
		503270621E594D1D0036AD1B /* Frameworks */ = {
			isa = PBXFrameworksBuildPhase;
			buildActionMask = 2147483647;
			files = (
			);
			runOnlyForDeploymentPostprocessing = 0;
		};
/* End PBXFrameworksBuildPhase section */

/* Begin PBXGroup section */
		5032705C1E594D1D0036AD1B = {
			isa = PBXGroup;
			children = (
				503270671E594D1D0036AD1B /* BluetoothCenter */,
				503270661E594D1D0036AD1B /* Products */,
			);
			sourceTree = "<group>";
		};
		503270661E594D1D0036AD1B /* Products */ = {
			isa = PBXGroup;
			children = (
				503270651E594D1D0036AD1B /* BluetoothCenter.app */,
			);
			name = Products;
			sourceTree = "<group>";
		};
		503270671E594D1D0036AD1B /* BluetoothCenter */ = {
			isa = PBXGroup;
			children = (
				503270681E594D1D0036AD1B /* AppDelegate.swift */,
				5032706A1E594D1D0036AD1B /* ViewController.swift */,
				5032706C1E594D1D0036AD1B /* Main.storyboard */,
				5032706F1E594D1D0036AD1B /* Assets.xcassets */,
				503270711E594D1D0036AD1B /* LaunchScreen.storyboard */,
				503270741E594D1D0036AD1B /* Info.plist */,
			);
			path = BluetoothCenter;
			sourceTree = "<group>";
		};
/* End PBXGroup section */

/* Begin PBXNativeTarget section */
		503270641E594D1D0036AD1B /* BluetoothCenter */ = {
			isa = PBXNativeTarget;
			buildConfigurationList = 503270771E594D1D0036AD1B /* Build configuration list for PBXNativeTarget "BluetoothCenter" */;
			buildPhases = (
				503270611E594D1D0036AD1B /* Sources */,
				503270621E594D1D0036AD1B /* Frameworks */,
				503270631E594D1D0036AD1B /* Resources */,
			);
			buildRules = (
			);
			dependencies = (
			);
			name = BluetoothCenter;
			productName = BluetoothCenter;
			productReference = 503270651E594D1D0036AD1B /* BluetoothCenter.app */;
			productType = "com.apple.product-type.application";
		};
/* End PBXNativeTarget section */

/* Begin PBXProject section */
		5032705D1E594D1D0036AD1B /* Project object */ = {
			isa = PBXProject;
			attributes = {
				LastSwiftUpdateCheck = 0820;
				LastUpgradeCheck = 0820;
				ORGANIZATIONNAME = "Yingbo Wang";
				TargetAttributes = {
					503270641E594D1D0036AD1B = {
						CreatedOnToolsVersion = 8.2.1;
						DevelopmentTeam = 8YVEPU4MZW;
						ProvisioningStyle = Automatic;
					};
				};
			};
			buildConfigurationList = 503270601E594D1D0036AD1B /* Build configuration list for PBXProject "BluetoothCenter" */;
			compatibilityVersion = "Xcode 3.2";
			developmentRegion = English;
			hasScannedForEncodings = 0;
			knownRegions = (
				en,
				Base,
			);
			mainGroup = 5032705C1E594D1D0036AD1B;
			productRefGroup = 503270661E594D1D0036AD1B /* Products */;
			projectDirPath = "";
			projectRoot = "";
			targets = (
				503270641E594D1D0036AD1B /* BluetoothCenter */,
			);
		};
/* End PBXProject section */

/* Begin PBXResourcesBuildPhase section */
		503270631E594D1D0036AD1B /* Resources */ = {
			isa = PBXResourcesBuildPhase;
			buildActionMask = 2147483647;
			files = (
				503270731E594D1D0036AD1B /* LaunchScreen.storyboard in Resources */,
				503270701E594D1D0036AD1B /* Assets.xcassets in Resources */,
				5032706E1E594D1D0036AD1B /* Main.storyboard in Resources */,
			);
			runOnlyForDeploymentPostprocessing = 0;
		};
/* End PBXResourcesBuildPhase section */

/* Begin PBXSourcesBuildPhase section */
		503270611E594D1D0036AD1B /* Sources */ = {
			isa = PBXSourcesBuildPhase;
			buildActionMask = 2147483647;
			files = (
				5032706B1E594D1D0036AD1B /* ViewController.swift in Sources */,
				503270691E594D1D0036AD1B /* AppDelegate.swift in Sources */,
			);
			runOnlyForDeploymentPostprocessing = 0;
		};
/* End PBXSourcesBuildPhase section */

/* Begin PBXVariantGroup section */
		5032706C1E594D1D0036AD1B /* Main.storyboard */ = {
			isa = PBXVariantGroup;
			children = (
				5032706D1E594D1D0036AD1B /* Base */,
			);
			name = Main.storyboard;
			sourceTree = "<group>";
		};
		503270711E594D1D0036AD1B /* LaunchScreen.storyboard */ = {
			isa = PBXVariantGroup;
			children = (
				503270721E594D1D0036AD1B /* Base */,
			);
			name = LaunchScreen.storyboard;
			sourceTree = "<group>";
		};
/* End PBXVariantGroup section */

/* Begin XCBuildConfiguration section */
		503270751E594D1D0036AD1B /* Debug */ = {
			isa = XCBuildConfiguration;
			buildSettings = {
				ALWAYS_SEARCH_USER_PATHS = NO;
				CLANG_ANALYZER_NONNULL = YES;
				CLANG_CXX_LANGUAGE_STANDARD = "gnu++0x";
				CLANG_CXX_LIBRARY = "libc++";
				CLANG_ENABLE_MODULES = YES;
				CLANG_ENABLE_OBJC_ARC = YES;
				CLANG_WARN_BOOL_CONVERSION = YES;
				CLANG_WARN_CONSTANT_CONVERSION = YES;
				CLANG_WARN_DIRECT_OBJC_ISA_USAGE = YES_ERROR;
				CLANG_WARN_DOCUMENTATION_COMMENTS = YES;
				CLANG_WARN_EMPTY_BODY = YES;
				CLANG_WARN_ENUM_CONVERSION = YES;
				CLANG_WARN_INFINITE_RECURSION = YES;
				CLANG_WARN_INT_CONVERSION = YES;
				CLANG_WARN_OBJC_ROOT_CLASS = YES_ERROR;
				CLANG_WARN_SUSPICIOUS_MOVE = YES;
				CLANG_WARN_UNREACHABLE_CODE = YES;
				CLANG_WARN__DUPLICATE_METHOD_MATCH = YES;
				"CODE_SIGN_IDENTITY[sdk=iphoneos*]" = "iPhone Developer";
				COPY_PHASE_STRIP = NO;
				DEBUG_INFORMATION_FORMAT = dwarf;
				ENABLE_STRICT_OBJC_MSGSEND = YES;
				ENABLE_TESTABILITY = YES;
				GCC_C_LANGUAGE_STANDARD = gnu99;
				GCC_DYNAMIC_NO_PIC = NO;
				GCC_NO_COMMON_BLOCKS = YES;
				GCC_OPTIMIZATION_LEVEL = 0;
				GCC_PREPROCESSOR_DEFINITIONS = (
					"DEBUG=1",
					"$(inherited)",
				);
				GCC_WARN_64_TO_32_BIT_CONVERSION = YES;
				GCC_WARN_ABOUT_RETURN_TYPE = YES_ERROR;
				GCC_WARN_UNDECLARED_SELECTOR = YES;
				GCC_WARN_UNINITIALIZED_AUTOS = YES_AGGRESSIVE;
				GCC_WARN_UNUSED_FUNCTION = YES;
				GCC_WARN_UNUSED_VARIABLE = YES;
				IPHONEOS_DEPLOYMENT_TARGET = 10.2;
				MTL_ENABLE_DEBUG_INFO = YES;
				ONLY_ACTIVE_ARCH = YES;
				SDKROOT = iphoneos;
				SWIFT_ACTIVE_COMPILATION_CONDITIONS = DEBUG;
				SWIFT_OPTIMIZATION_LEVEL = "-Onone";
				TARGETED_DEVICE_FAMILY = "1,2";
			};
			name = Debug;
		};
		503270761E594D1D0036AD1B /* Release */ = {
			isa = XCBuildConfiguration;
			buildSettings = {
				ALWAYS_SEARCH_USER_PATHS = NO;
				CLANG_ANALYZER_NONNULL = YES;
				CLANG_CXX_LANGUAGE_STANDARD = "gnu++0x";
				CLANG_CXX_LIBRARY = "libc++";
				CLANG_ENABLE_MODULES = YES;
				CLANG_ENABLE_OBJC_ARC = YES;
				CLANG_WARN_BOOL_CONVERSION = YES;
				CLANG_WARN_CONSTANT_CONVERSION = YES;
				CLANG_WARN_DIRECT_OBJC_ISA_USAGE = YES_ERROR;
				CLANG_WARN_DOCUMENTATION_COMMENTS = YES;
				CLANG_WARN_EMPTY_BODY = YES;
				CLANG_WARN_ENUM_CONVERSION = YES;
				CLANG_WARN_INFINITE_RECURSION = YES;
				CLANG_WARN_INT_CONVERSION = YES;
				CLANG_WARN_OBJC_ROOT_CLASS = YES_ERROR;
				CLANG_WARN_SUSPICIOUS_MOVE = YES;
				CLANG_WARN_UNREACHABLE_CODE = YES;
				CLANG_WARN__DUPLICATE_METHOD_MATCH = YES;
				"CODE_SIGN_IDENTITY[sdk=iphoneos*]" = "iPhone Developer";
				COPY_PHASE_STRIP = NO;
				DEBUG_INFORMATION_FORMAT = "dwarf-with-dsym";
				ENABLE_NS_ASSERTIONS = NO;
				ENABLE_STRICT_OBJC_MSGSEND = YES;
				GCC_C_LANGUAGE_STANDARD = gnu99;
				GCC_NO_COMMON_BLOCKS = YES;
				GCC_WARN_64_TO_32_BIT_CONVERSION = YES;
				GCC_WARN_ABOUT_RETURN_TYPE = YES_ERROR;
				GCC_WARN_UNDECLARED_SELECTOR = YES;
				GCC_WARN_UNINITIALIZED_AUTOS = YES_AGGRESSIVE;
				GCC_WARN_UNUSED_FUNCTION = YES;
				GCC_WARN_UNUSED_VARIABLE = YES;
				IPHONEOS_DEPLOYMENT_TARGET = 10.2;
				MTL_ENABLE_DEBUG_INFO = NO;
				SDKROOT = iphoneos;
				SWIFT_OPTIMIZATION_LEVEL = "-Owholemodule";
				TARGETED_DEVICE_FAMILY = "1,2";
				VALIDATE_PRODUCT = YES;
			};
			name = Release;
		};
		503270781E594D1D0036AD1B /* Debug */ = {
			isa = XCBuildConfiguration;
			buildSettings = {
				ASSETCATALOG_COMPILER_APPICON_NAME = AppIcon;
				DEVELOPMENT_TEAM = 8YVEPU4MZW;
				INFOPLIST_FILE = BluetoothCenter/Info.plist;
				LD_RUNPATH_SEARCH_PATHS = "$(inherited) @executable_path/Frameworks";
				PRODUCT_BUNDLE_IDENTIFIER = com.YingboWang.BluetoothCenter;
				PRODUCT_NAME = "$(TARGET_NAME)";
				SWIFT_VERSION = 3.0;
			};
			name = Debug;
		};
		503270791E594D1D0036AD1B /* Release */ = {
			isa = XCBuildConfiguration;
			buildSettings = {
				ASSETCATALOG_COMPILER_APPICON_NAME = AppIcon;
				DEVELOPMENT_TEAM = 8YVEPU4MZW;
				INFOPLIST_FILE = BluetoothCenter/Info.plist;
				LD_RUNPATH_SEARCH_PATHS = "$(inherited) @executable_path/Frameworks";
				PRODUCT_BUNDLE_IDENTIFIER = com.YingboWang.BluetoothCenter;
				PRODUCT_NAME = "$(TARGET_NAME)";
				SWIFT_VERSION = 3.0;
			};
			name = Release;
		};
/* End XCBuildConfiguration section */

/* Begin XCConfigurationList section */
		503270601E594D1D0036AD1B /* Build configuration list for PBXProject "BluetoothCenter" */ = {
			isa = XCConfigurationList;
			buildConfigurations = (
				503270751E594D1D0036AD1B /* Debug */,
				503270761E594D1D0036AD1B /* Release */,
			);
			defaultConfigurationIsVisible = 0;
			defaultConfigurationName = Release;
		};
		503270771E594D1D0036AD1B /* Build configuration list for PBXNativeTarget "BluetoothCenter" */ = {
			isa = XCConfigurationList;
			buildConfigurations = (
				503270781E594D1D0036AD1B /* Debug */,
				503270791E594D1D0036AD1B /* Release */,
			);
			defaultConfigurationIsVisible = 0;
		};
/* End XCConfigurationList section */
	};
	rootObject = 5032705D1E594D1D0036AD1B /* Project object */;
}
